
Microsoft Visual Studio Solution File, Format Version 12.00
# Visual Studio 14
VisualStudioVersion = 14.0.23107.0
MinimumVisualStudioVersion = 10.0.40219.1
Project("{2150E333-8FDC-42A3-9474-1A3956D46DE8}") = "ELTE.EVA2.TicTacToe.WinRT", "ELTE.EVA2.TicTacToe.WinRT", "{312B2A3C-4865-4EC8-99EE-D7E494CDBC88}"
EndProject
Project("{D954291E-2A0B-460D-934E-DC6B0785DB48}") = "ELTE.EVA2.TicTacToe.WinRT.Shared", "ELTE.EVA2.TicTacToe.WinRT\ELTE.EVA2.TicTacToe.WinRT.Shared\ELTE.EVA2.TicTacToe.WinRT.Shared.shproj", "{B6B953F1-B782-404E-BEF7-4C23BEA67F50}"
EndProject
Project("{FAE04EC0-301F-11D3-BF4B-00C04F79EFBC}") = "ELTE.EVA2.TicTacToe.WinRT.Windows", "ELTE.EVA2.TicTacToe.WinRT\ELTE.EVA2.TicTacToe.WinRT.Windows\ELTE.EVA2.TicTacToe.WinRT.Windows.csproj", "{4A41EE45-5A90-43B2-A67F-AC8047CFF99F}"
EndProject
Project("{FAE04EC0-301F-11D3-BF4B-00C04F79EFBC}") = "ELTE.EVA2.TicTacToe.WinRT.Library", "ELTE.EVA2.TicTacToe.WinRT.Library\ELTE.EVA2.TicTacToe.WinRT.Library.csproj", "{7990B1D2-5ECB-4E6F-8792-56C561E4D54C}"
EndProject
Global
	GlobalSection(SharedMSBuildProjectFiles) = preSolution
		ELTE.EVA2.TicTacToe.WinRT\ELTE.EVA2.TicTacToe.WinRT.Shared\ELTE.EVA2.TicTacToe.WinRT.Shared.projitems*{4a41ee45-5a90-43b2-a67f-ac8047cff99f}*SharedItemsImports = 4
		ELTE.EVA2.TicTacToe.WinRT\ELTE.EVA2.TicTacToe.WinRT.Shared\ELTE.EVA2.TicTacToe.WinRT.Shared.projitems*{b6b953f1-b782-404e-bef7-4c23bea67f50}*SharedItemsImports = 13
	EndGlobalSection
	GlobalSection(SolutionConfigurationPlatforms) = preSolution
		Debug|Any CPU = Debug|Any CPU
		Debug|ARM = Debug|ARM
		Debug|x64 = Debug|x64
		Debug|x86 = Debug|x86
		Release|Any CPU = Release|Any CPU
		Release|ARM = Release|ARM
		Release|x64 = Release|x64
		Release|x86 = Release|x86
	EndGlobalSection
	GlobalSection(ProjectConfigurationPlatforms) = postSolution
		{4A41EE45-5A90-43B2-A67F-AC8047CFF99F}.Debug|Any CPU.ActiveCfg = Debug|Any CPU
		{4A41EE45-5A90-43B2-A67F-AC8047CFF99F}.Debug|Any CPU.Build.0 = Debug|Any CPU
		{4A41EE45-5A90-43B2-A67F-AC8047CFF99F}.Debug|Any CPU.Deploy.0 = Debug|Any CPU
		{4A41EE45-5A90-43B2-A67F-AC8047CFF99F}.Debug|ARM.ActiveCfg = Debug|ARM
		{4A41EE45-5A90-43B2-A67F-AC8047CFF99F}.Debug|ARM.Build.0 = Debug|ARM
		{4A41EE45-5A90-43B2-A67F-AC8047CFF99F}.Debug|ARM.Deploy.0 = Debug|ARM
		{4A41EE45-5A90-43B2-A67F-AC8047CFF99F}.Debug|x64.ActiveCfg = Debug|x64
		{4A41EE45-5A90-43B2-A67F-AC8047CFF99F}.Debug|x64.Build.0 = Debug|x64
		{4A41EE45-5A90-43B2-A67F-AC8047CFF99F}.Debug|x64.Deploy.0 = Debug|x64
		{4A41EE45-5A90-43B2-A67F-AC8047CFF99F}.Debug|x86.ActiveCfg = Debug|x86
		{4A41EE45-5A90-43B2-A67F-AC8047CFF99F}.Debug|x86.Build.0 = Debug|x86
		{4A41EE45-5A90-43B2-A67F-AC8047CFF99F}.Debug|x86.Deploy.0 = Debug|x86
		{4A41EE45-5A90-43B2-A67F-AC8047CFF99F}.Release|Any CPU.ActiveCfg = Release|Any CPU
		{4A41EE45-5A90-43B2-A67F-AC8047CFF99F}.Release|Any CPU.Build.0 = Release|Any CPU
		{4A41EE45-5A90-43B2-A67F-AC8047CFF99F}.Release|Any CPU.Deploy.0 = Release|Any CPU
		{4A41EE45-5A90-43B2-A67F-AC8047CFF99F}.Release|ARM.ActiveCfg = Release|ARM
		{4A41EE45-5A90-43B2-A67F-AC8047CFF99F}.Release|ARM.Build.0 = Release|ARM
		{4A41EE45-5A90-43B2-A67F-AC8047CFF99F}.Release|ARM.Deploy.0 = Release|ARM
		{4A41EE45-5A90-43B2-A67F-AC8047CFF99F}.Release|x64.ActiveCfg = Release|x64
		{4A41EE45-5A90-43B2-A67F-AC8047CFF99F}.Release|x64.Build.0 = Release|x64
		{4A41EE45-5A90-43B2-A67F-AC8047CFF99F}.Release|x64.Deploy.0 = Release|x64
		{4A41EE45-5A90-43B2-A67F-AC8047CFF99F}.Release|x86.ActiveCfg = Release|x86
		{4A41EE45-5A90-43B2-A67F-AC8047CFF99F}.Release|x86.Build.0 = Release|x86
		{4A41EE45-5A90-43B2-A67F-AC8047CFF99F}.Release|x86.Deploy.0 = Release|x86
		{7990B1D2-5ECB-4E6F-8792-56C561E4D54C}.Debug|Any CPU.ActiveCfg = Debug|Any CPU
		{7990B1D2-5ECB-4E6F-8792-56C561E4D54C}.Debug|Any CPU.Build.0 = Debug|Any CPU
		{7990B1D2-5ECB-4E6F-8792-56C561E4D54C}.Debug|ARM.ActiveCfg = Debug|Any CPU
		{7990B1D2-5ECB-4E6F-8792-56C561E4D54C}.Debug|ARM.Build.0 = Debug|Any CPU
		{7990B1D2-5ECB-4E6F-8792-56C561E4D54C}.Debug|x64.ActiveCfg = Debug|Any CPU
		{7990B1D2-5ECB-4E6F-8792-56C561E4D54C}.Debug|x64.Build.0 = Debug|Any CPU
		{7990B1D2-5ECB-4E6F-8792-56C561E4D54C}.Debug|x86.ActiveCfg = Debug|Any CPU
		{7990B1D2-5ECB-4E6F-8792-56C561E4D54C}.Debug|x86.Build.0 = Debug|Any CPU
		{7990B1D2-5ECB-4E6F-8792-56C561E4D54C}.Release|Any CPU.ActiveCfg = Release|Any CPU
		{7990B1D2-5ECB-4E6F-8792-56C561E4D54C}.Release|Any CPU.Build.0 = Release|Any CPU
		{7990B1D2-5ECB-4E6F-8792-56C561E4D54C}.Release|ARM.ActiveCfg = Release|Any CPU
		{7990B1D2-5ECB-4E6F-8792-56C561E4D54C}.Release|ARM.Build.0 = Release|Any CPU
		{7990B1D2-5ECB-4E6F-8792-56C561E4D54C}.Release|x64.ActiveCfg = Release|Any CPU
		{7990B1D2-5ECB-4E6F-8792-56C561E4D54C}.Release|x64.Build.0 = Release|Any CPU
		{7990B1D2-5ECB-4E6F-8792-56C561E4D54C}.Release|x86.ActiveCfg = Release|Any CPU
		{7990B1D2-5ECB-4E6F-8792-56C561E4D54C}.Release|x86.Build.0 = Release|Any CPU
	EndGlobalSection
	GlobalSection(SolutionProperties) = preSolution
		HideSolutionNode = FALSE
	EndGlobalSection
	GlobalSection(NestedProjects) = preSolution
		{B6B953F1-B782-404E-BEF7-4C23BEA67F50} = {312B2A3C-4865-4EC8-99EE-D7E494CDBC88}
		{4A41EE45-5A90-43B2-A67F-AC8047CFF99F} = {312B2A3C-4865-4EC8-99EE-D7E494CDBC88}
		{7990B1D2-5ECB-4E6F-8792-56C561E4D54C} = {312B2A3C-4865-4EC8-99EE-D7E494CDBC88}
	EndGlobalSection
EndGlobal
